
Microsoft Visual Studio Solution File, Format Version 12.00
# Visual Studio Version 17
VisualStudioVersion = 17.8.34322.80
MinimumVisualStudioVersion = 10.0.40219.1
Project("{FAE04EC0-301F-11D3-BF4B-00C04F79EFBC}") = "PitagorasOrgulloso", "PitagorasOrgulloso\PitagorasOrgulloso.csproj", "{C214C45E-C2C8-4E92-A2DF-599BC808949F}"
EndProject
Project("{FAE04EC0-301F-11D3-BF4B-00C04F79EFBC}") = "Biblioteca", "Biblioteca\Biblioteca.csproj", "{8CF4B6E0-8430-445C-9F50-56776EB0E96D}"
EndProject
Global
	GlobalSection(SolutionConfigurationPlatforms) = preSolution
		Debug|Any CPU = Debug|Any CPU
		Release|Any CPU = Release|Any CPU
	EndGlobalSection
	GlobalSection(ProjectConfigurationPlatforms) = postSolution
		{C214C45E-C2C8-4E92-A2DF-599BC808949F}.Debug|Any CPU.ActiveCfg = Debug|Any CPU
		{C214C45E-C2C8-4E92-A2DF-599BC808949F}.Debug|Any CPU.Build.0 = Debug|Any CPU
		{C214C45E-C2C8-4E92-A2DF-599BC808949F}.Release|Any CPU.ActiveCfg = Release|Any CPU
		{C214C45E-C2C8-4E92-A2DF-599BC808949F}.Release|Any CPU.Build.0 = Release|Any CPU
		{8CF4B6E0-8430-445C-9F50-56776EB0E96D}.Debug|Any CPU.ActiveCfg = Debug|Any CPU
		{8CF4B6E0-8430-445C-9F50-56776EB0E96D}.Debug|Any CPU.Build.0 = Debug|Any CPU
		{8CF4B6E0-8430-445C-9F50-56776EB0E96D}.Release|Any CPU.ActiveCfg = Release|Any CPU
		{8CF4B6E0-8430-445C-9F50-56776EB0E96D}.Release|Any CPU.Build.0 = Release|Any CPU
	EndGlobalSection
	GlobalSection(SolutionProperties) = preSolution
		HideSolutionNode = FALSE
	EndGlobalSection
	GlobalSection(ExtensibilityGlobals) = postSolution
		SolutionGuid = {7656FB0A-9CAE-4C0A-82AA-9217EF2F6512}
	EndGlobalSection
EndGlobal
