
Microsoft Visual Studio Solution File, Format Version 12.00
# Visual Studio Version 17
VisualStudioVersion = 17.8.34322.80
MinimumVisualStudioVersion = 10.0.40219.1
Project("{FAE04EC0-301F-11D3-BF4B-00C04F79EFBC}") = "C02_Estantería", "C02_Estantería\C02_Estantería.csproj", "{4422C3A0-3ABB-43B1-B610-3049FB9E9890}"
EndProject
Project("{FAE04EC0-301F-11D3-BF4B-00C04F79EFBC}") = "Biblioteca", "Biblioteca\Biblioteca.csproj", "{1ACBC548-499E-458F-8796-149DD2C89FC3}"
EndProject
Global
	GlobalSection(SolutionConfigurationPlatforms) = preSolution
		Debug|Any CPU = Debug|Any CPU
		Release|Any CPU = Release|Any CPU
	EndGlobalSection
	GlobalSection(ProjectConfigurationPlatforms) = postSolution
		{4422C3A0-3ABB-43B1-B610-3049FB9E9890}.Debug|Any CPU.ActiveCfg = Debug|Any CPU
		{4422C3A0-3ABB-43B1-B610-3049FB9E9890}.Debug|Any CPU.Build.0 = Debug|Any CPU
		{4422C3A0-3ABB-43B1-B610-3049FB9E9890}.Release|Any CPU.ActiveCfg = Release|Any CPU
		{4422C3A0-3ABB-43B1-B610-3049FB9E9890}.Release|Any CPU.Build.0 = Release|Any CPU
		{1ACBC548-499E-458F-8796-149DD2C89FC3}.Debug|Any CPU.ActiveCfg = Debug|Any CPU
		{1ACBC548-499E-458F-8796-149DD2C89FC3}.Debug|Any CPU.Build.0 = Debug|Any CPU
		{1ACBC548-499E-458F-8796-149DD2C89FC3}.Release|Any CPU.ActiveCfg = Release|Any CPU
		{1ACBC548-499E-458F-8796-149DD2C89FC3}.Release|Any CPU.Build.0 = Release|Any CPU
	EndGlobalSection
	GlobalSection(SolutionProperties) = preSolution
		HideSolutionNode = FALSE
	EndGlobalSection
	GlobalSection(ExtensibilityGlobals) = postSolution
		SolutionGuid = {2DD5C2C5-7E7A-46C2-BA8A-6E17AD9AFD83}
	EndGlobalSection
EndGlobal
