
Microsoft Visual Studio Solution File, Format Version 12.00
# Visual Studio Version 17
VisualStudioVersion = 17.8.34322.80
MinimumVisualStudioVersion = 10.0.40219.1
Project("{FAE04EC0-301F-11D3-BF4B-00C04F79EFBC}") = "WinFormsHolaWinForms", "WinFormsHolaWinForms\WinFormsHolaWinForms.csproj", "{905F9A27-8963-4AAA-9D3B-8C465057BA0C}"
EndProject
Global
	GlobalSection(SolutionConfigurationPlatforms) = preSolution
		Debug|Any CPU = Debug|Any CPU
		Release|Any CPU = Release|Any CPU
	EndGlobalSection
	GlobalSection(ProjectConfigurationPlatforms) = postSolution
		{905F9A27-8963-4AAA-9D3B-8C465057BA0C}.Debug|Any CPU.ActiveCfg = Debug|Any CPU
		{905F9A27-8963-4AAA-9D3B-8C465057BA0C}.Debug|Any CPU.Build.0 = Debug|Any CPU
		{905F9A27-8963-4AAA-9D3B-8C465057BA0C}.Release|Any CPU.ActiveCfg = Release|Any CPU
		{905F9A27-8963-4AAA-9D3B-8C465057BA0C}.Release|Any CPU.Build.0 = Release|Any CPU
	EndGlobalSection
	GlobalSection(SolutionProperties) = preSolution
		HideSolutionNode = FALSE
	EndGlobalSection
	GlobalSection(ExtensibilityGlobals) = postSolution
		SolutionGuid = {11A1D239-FF03-461D-B0FE-B5C41A318AD8}
	EndGlobalSection
EndGlobal
