
Microsoft Visual Studio Solution File, Format Version 12.00
# Visual Studio Version 17
VisualStudioVersion = 17.8.34322.80
MinimumVisualStudioVersion = 10.0.40219.1
Project("{FAE04EC0-301F-11D3-BF4B-00C04F79EFBC}") = "102-Desea continuar", "102-Desea continuar\102-Desea continuar.csproj", "{DF4B28B0-F156-492E-8C74-179D8154C01A}"
EndProject
Project("{FAE04EC0-301F-11D3-BF4B-00C04F79EFBC}") = "Biblioteca", "Biblioteca\Biblioteca.csproj", "{D91EE905-17E9-4DFA-A552-BA5CB49D0951}"
EndProject
Global
	GlobalSection(SolutionConfigurationPlatforms) = preSolution
		Debug|Any CPU = Debug|Any CPU
		Release|Any CPU = Release|Any CPU
	EndGlobalSection
	GlobalSection(ProjectConfigurationPlatforms) = postSolution
		{DF4B28B0-F156-492E-8C74-179D8154C01A}.Debug|Any CPU.ActiveCfg = Debug|Any CPU
		{DF4B28B0-F156-492E-8C74-179D8154C01A}.Debug|Any CPU.Build.0 = Debug|Any CPU
		{DF4B28B0-F156-492E-8C74-179D8154C01A}.Release|Any CPU.ActiveCfg = Release|Any CPU
		{DF4B28B0-F156-492E-8C74-179D8154C01A}.Release|Any CPU.Build.0 = Release|Any CPU
		{D91EE905-17E9-4DFA-A552-BA5CB49D0951}.Debug|Any CPU.ActiveCfg = Debug|Any CPU
		{D91EE905-17E9-4DFA-A552-BA5CB49D0951}.Debug|Any CPU.Build.0 = Debug|Any CPU
		{D91EE905-17E9-4DFA-A552-BA5CB49D0951}.Release|Any CPU.ActiveCfg = Release|Any CPU
		{D91EE905-17E9-4DFA-A552-BA5CB49D0951}.Release|Any CPU.Build.0 = Release|Any CPU
	EndGlobalSection
	GlobalSection(SolutionProperties) = preSolution
		HideSolutionNode = FALSE
	EndGlobalSection
	GlobalSection(ExtensibilityGlobals) = postSolution
		SolutionGuid = {4AEC924E-C55E-4B79-8EB6-C307BB28A681}
	EndGlobalSection
EndGlobal
