
Microsoft Visual Studio Solution File, Format Version 12.00
# Visual Studio Version 17
VisualStudioVersion = 17.8.34322.80
MinimumVisualStudioVersion = 10.0.40219.1
Project("{FAE04EC0-301F-11D3-BF4B-00C04F79EFBC}") = "AprendeteLasTablas105", "AprendeteLasTablas105\AprendeteLasTablas105.csproj", "{688686C9-E61F-4390-814E-5D8B9CC37A5E}"
EndProject
Project("{FAE04EC0-301F-11D3-BF4B-00C04F79EFBC}") = "Biblioteca", "Biblioteca\Biblioteca.csproj", "{915A3F8B-A475-4C8D-B823-83D2937F6E6C}"
EndProject
Global
	GlobalSection(SolutionConfigurationPlatforms) = preSolution
		Debug|Any CPU = Debug|Any CPU
		Release|Any CPU = Release|Any CPU
	EndGlobalSection
	GlobalSection(ProjectConfigurationPlatforms) = postSolution
		{688686C9-E61F-4390-814E-5D8B9CC37A5E}.Debug|Any CPU.ActiveCfg = Debug|Any CPU
		{688686C9-E61F-4390-814E-5D8B9CC37A5E}.Debug|Any CPU.Build.0 = Debug|Any CPU
		{688686C9-E61F-4390-814E-5D8B9CC37A5E}.Release|Any CPU.ActiveCfg = Release|Any CPU
		{688686C9-E61F-4390-814E-5D8B9CC37A5E}.Release|Any CPU.Build.0 = Release|Any CPU
		{915A3F8B-A475-4C8D-B823-83D2937F6E6C}.Debug|Any CPU.ActiveCfg = Debug|Any CPU
		{915A3F8B-A475-4C8D-B823-83D2937F6E6C}.Debug|Any CPU.Build.0 = Debug|Any CPU
		{915A3F8B-A475-4C8D-B823-83D2937F6E6C}.Release|Any CPU.ActiveCfg = Release|Any CPU
		{915A3F8B-A475-4C8D-B823-83D2937F6E6C}.Release|Any CPU.Build.0 = Release|Any CPU
	EndGlobalSection
	GlobalSection(SolutionProperties) = preSolution
		HideSolutionNode = FALSE
	EndGlobalSection
	GlobalSection(ExtensibilityGlobals) = postSolution
		SolutionGuid = {54FF2F38-CA4A-4987-8A4D-746E1E2155B3}
	EndGlobalSection
EndGlobal
