
Microsoft Visual Studio Solution File, Format Version 12.00
# Visual Studio Version 17
VisualStudioVersion = 17.8.34322.80
MinimumVisualStudioVersion = 10.0.40219.1
Project("{FAE04EC0-301F-11D3-BF4B-00C04F79EFBC}") = "ejercicioCotizador", "ejercicioCotizador\ejercicioCotizador.csproj", "{CFA544FD-29B3-4A89-A365-D280EDB6C54E}"
EndProject
Project("{FAE04EC0-301F-11D3-BF4B-00C04F79EFBC}") = "Billetes", "Biblioteca\Billetes.csproj", "{AF365E4E-32EF-4196-80BE-2F286007ED80}"
EndProject
Project("{FAE04EC0-301F-11D3-BF4B-00C04F79EFBC}") = "WinFormsCotizadorDesktop", "WinFormsCotizadorDesktop\WinFormsCotizadorDesktop.csproj", "{F3493C6B-0495-4F33-B4BA-33D559C5B68B}"
EndProject
Global
	GlobalSection(SolutionConfigurationPlatforms) = preSolution
		Debug|Any CPU = Debug|Any CPU
		Release|Any CPU = Release|Any CPU
	EndGlobalSection
	GlobalSection(ProjectConfigurationPlatforms) = postSolution
		{CFA544FD-29B3-4A89-A365-D280EDB6C54E}.Debug|Any CPU.ActiveCfg = Debug|Any CPU
		{CFA544FD-29B3-4A89-A365-D280EDB6C54E}.Debug|Any CPU.Build.0 = Debug|Any CPU
		{CFA544FD-29B3-4A89-A365-D280EDB6C54E}.Release|Any CPU.ActiveCfg = Release|Any CPU
		{CFA544FD-29B3-4A89-A365-D280EDB6C54E}.Release|Any CPU.Build.0 = Release|Any CPU
		{AF365E4E-32EF-4196-80BE-2F286007ED80}.Debug|Any CPU.ActiveCfg = Debug|Any CPU
		{AF365E4E-32EF-4196-80BE-2F286007ED80}.Debug|Any CPU.Build.0 = Debug|Any CPU
		{AF365E4E-32EF-4196-80BE-2F286007ED80}.Release|Any CPU.ActiveCfg = Release|Any CPU
		{AF365E4E-32EF-4196-80BE-2F286007ED80}.Release|Any CPU.Build.0 = Release|Any CPU
		{F3493C6B-0495-4F33-B4BA-33D559C5B68B}.Debug|Any CPU.ActiveCfg = Debug|Any CPU
		{F3493C6B-0495-4F33-B4BA-33D559C5B68B}.Debug|Any CPU.Build.0 = Debug|Any CPU
		{F3493C6B-0495-4F33-B4BA-33D559C5B68B}.Release|Any CPU.ActiveCfg = Release|Any CPU
		{F3493C6B-0495-4F33-B4BA-33D559C5B68B}.Release|Any CPU.Build.0 = Release|Any CPU
	EndGlobalSection
	GlobalSection(SolutionProperties) = preSolution
		HideSolutionNode = FALSE
	EndGlobalSection
	GlobalSection(ExtensibilityGlobals) = postSolution
		SolutionGuid = {2293CA1D-6D3A-493D-B0EB-8DB8DE24AF8E}
	EndGlobalSection
EndGlobal
