
Microsoft Visual Studio Solution File, Format Version 12.00
# Visual Studio Version 17
VisualStudioVersion = 17.8.34322.80
MinimumVisualStudioVersion = 10.0.40219.1
Project("{FAE04EC0-301F-11D3-BF4B-00C04F79EFBC}") = "ConversorBinario", "ConversorBinario\ConversorBinario.csproj", "{9041E559-1942-47BC-B28F-31FAB4871780}"
EndProject
Project("{FAE04EC0-301F-11D3-BF4B-00C04F79EFBC}") = "Biblioteca", "Biblioteca\Biblioteca.csproj", "{E42B935F-80D9-43F5-B360-3A12896863BF}"
EndProject
Project("{FAE04EC0-301F-11D3-BF4B-00C04F79EFBC}") = "ConversorBinarioDesktop", "ConversorBinarioDesktop\ConversorBinarioDesktop.csproj", "{0BD2AB4B-38C7-4A54-A120-E5B3D5C12A5F}"
EndProject
Global
	GlobalSection(SolutionConfigurationPlatforms) = preSolution
		Debug|Any CPU = Debug|Any CPU
		Release|Any CPU = Release|Any CPU
	EndGlobalSection
	GlobalSection(ProjectConfigurationPlatforms) = postSolution
		{9041E559-1942-47BC-B28F-31FAB4871780}.Debug|Any CPU.ActiveCfg = Debug|Any CPU
		{9041E559-1942-47BC-B28F-31FAB4871780}.Debug|Any CPU.Build.0 = Debug|Any CPU
		{9041E559-1942-47BC-B28F-31FAB4871780}.Release|Any CPU.ActiveCfg = Release|Any CPU
		{9041E559-1942-47BC-B28F-31FAB4871780}.Release|Any CPU.Build.0 = Release|Any CPU
		{E42B935F-80D9-43F5-B360-3A12896863BF}.Debug|Any CPU.ActiveCfg = Debug|Any CPU
		{E42B935F-80D9-43F5-B360-3A12896863BF}.Debug|Any CPU.Build.0 = Debug|Any CPU
		{E42B935F-80D9-43F5-B360-3A12896863BF}.Release|Any CPU.ActiveCfg = Release|Any CPU
		{E42B935F-80D9-43F5-B360-3A12896863BF}.Release|Any CPU.Build.0 = Release|Any CPU
		{0BD2AB4B-38C7-4A54-A120-E5B3D5C12A5F}.Debug|Any CPU.ActiveCfg = Debug|Any CPU
		{0BD2AB4B-38C7-4A54-A120-E5B3D5C12A5F}.Debug|Any CPU.Build.0 = Debug|Any CPU
		{0BD2AB4B-38C7-4A54-A120-E5B3D5C12A5F}.Release|Any CPU.ActiveCfg = Release|Any CPU
		{0BD2AB4B-38C7-4A54-A120-E5B3D5C12A5F}.Release|Any CPU.Build.0 = Release|Any CPU
	EndGlobalSection
	GlobalSection(SolutionProperties) = preSolution
		HideSolutionNode = FALSE
	EndGlobalSection
	GlobalSection(ExtensibilityGlobals) = postSolution
		SolutionGuid = {C77563CF-BAAE-4465-8400-DD667889C685}
	EndGlobalSection
EndGlobal
