
Microsoft Visual Studio Solution File, Format Version 12.00
# Visual Studio Version 17
VisualStudioVersion = 17.8.34322.80
MinimumVisualStudioVersion = 10.0.40219.1
Project("{9A19103F-16F7-4668-BE54-9A1E7A4F7556}") = "Clase05", "Clase05\Clase05.csproj", "{61C7B96F-EBAA-4041-9BCA-9953A0EE0DF0}"
EndProject
Project("{FAE04EC0-301F-11D3-BF4B-00C04F79EFBC}") = "Biblioteca", "Biblioteca\Biblioteca.csproj", "{74705972-9961-45EE-BA9C-48162EB17C93}"
EndProject
Global
	GlobalSection(SolutionConfigurationPlatforms) = preSolution
		Debug|Any CPU = Debug|Any CPU
		Release|Any CPU = Release|Any CPU
	EndGlobalSection
	GlobalSection(ProjectConfigurationPlatforms) = postSolution
		{61C7B96F-EBAA-4041-9BCA-9953A0EE0DF0}.Debug|Any CPU.ActiveCfg = Debug|Any CPU
		{61C7B96F-EBAA-4041-9BCA-9953A0EE0DF0}.Debug|Any CPU.Build.0 = Debug|Any CPU
		{61C7B96F-EBAA-4041-9BCA-9953A0EE0DF0}.Release|Any CPU.ActiveCfg = Release|Any CPU
		{61C7B96F-EBAA-4041-9BCA-9953A0EE0DF0}.Release|Any CPU.Build.0 = Release|Any CPU
		{74705972-9961-45EE-BA9C-48162EB17C93}.Debug|Any CPU.ActiveCfg = Debug|Any CPU
		{74705972-9961-45EE-BA9C-48162EB17C93}.Debug|Any CPU.Build.0 = Debug|Any CPU
		{74705972-9961-45EE-BA9C-48162EB17C93}.Release|Any CPU.ActiveCfg = Release|Any CPU
		{74705972-9961-45EE-BA9C-48162EB17C93}.Release|Any CPU.Build.0 = Release|Any CPU
	EndGlobalSection
	GlobalSection(SolutionProperties) = preSolution
		HideSolutionNode = FALSE
	EndGlobalSection
	GlobalSection(ExtensibilityGlobals) = postSolution
		SolutionGuid = {FF51BD22-4447-4FC8-B1CB-E12361C68C5E}
	EndGlobalSection
EndGlobal
