
Microsoft Visual Studio Solution File, Format Version 12.00
# Visual Studio Version 17
VisualStudioVersion = 17.8.34322.80
MinimumVisualStudioVersion = 10.0.40219.1
Project("{FAE04EC0-301F-11D3-BF4B-00C04F79EFBC}") = "TiempoPasa", "TiempoPasa\TiempoPasa.csproj", "{C2B39782-F792-494D-946D-82E33698E6F1}"
EndProject
Project("{FAE04EC0-301F-11D3-BF4B-00C04F79EFBC}") = "CalculadoraDias", "CalculadoraDias\CalculadoraDias.csproj", "{F581283C-3DD1-46F5-834D-E8B6A0C5DE21}"
EndProject
Global
	GlobalSection(SolutionConfigurationPlatforms) = preSolution
		Debug|Any CPU = Debug|Any CPU
		Release|Any CPU = Release|Any CPU
	EndGlobalSection
	GlobalSection(ProjectConfigurationPlatforms) = postSolution
		{C2B39782-F792-494D-946D-82E33698E6F1}.Debug|Any CPU.ActiveCfg = Debug|Any CPU
		{C2B39782-F792-494D-946D-82E33698E6F1}.Debug|Any CPU.Build.0 = Debug|Any CPU
		{C2B39782-F792-494D-946D-82E33698E6F1}.Release|Any CPU.ActiveCfg = Release|Any CPU
		{C2B39782-F792-494D-946D-82E33698E6F1}.Release|Any CPU.Build.0 = Release|Any CPU
		{F581283C-3DD1-46F5-834D-E8B6A0C5DE21}.Debug|Any CPU.ActiveCfg = Debug|Any CPU
		{F581283C-3DD1-46F5-834D-E8B6A0C5DE21}.Debug|Any CPU.Build.0 = Debug|Any CPU
		{F581283C-3DD1-46F5-834D-E8B6A0C5DE21}.Release|Any CPU.ActiveCfg = Release|Any CPU
		{F581283C-3DD1-46F5-834D-E8B6A0C5DE21}.Release|Any CPU.Build.0 = Release|Any CPU
	EndGlobalSection
	GlobalSection(SolutionProperties) = preSolution
		HideSolutionNode = FALSE
	EndGlobalSection
	GlobalSection(ExtensibilityGlobals) = postSolution
		SolutionGuid = {39E9849D-6B5B-4C2B-BE6A-9B7CAC691203}
	EndGlobalSection
EndGlobal
